
Microsoft Visual Studio Solution File, Format Version 12.00
# Visual Studio 2012
Project("{8BC9CEB8-8B4A-11D0-8D11-00A0C91BC942}") = "StanfordProgrammingAbstractions", "StanfordProgrammingAbstractions\StanfordProgrammingAbstractions.vcxproj", "{8D0A3B77-AEB4-431B-8DCE-741BB3A88BA6}"
EndProject
Project("{8BC9CEB8-8B4A-11D0-8D11-00A0C91BC942}") = "Homework", "Homework\Homework.vcxproj", "{D0392FCC-E200-4F99-B77A-94D16DE054A6}"
EndProject
Project("{8BC9CEB8-8B4A-11D0-8D11-00A0C91BC942}") = "Assignments", "Assignments\Assignments.vcxproj", "{CE70796B-CBFC-42D8-97D7-5B5879B71DE7}"
EndProject
Global
	GlobalSection(SolutionConfigurationPlatforms) = preSolution
		Debug|Win32 = Debug|Win32
		Release|Win32 = Release|Win32
	EndGlobalSection
	GlobalSection(ProjectConfigurationPlatforms) = postSolution
		{8D0A3B77-AEB4-431B-8DCE-741BB3A88BA6}.Debug|Win32.ActiveCfg = Debug|Win32
		{8D0A3B77-AEB4-431B-8DCE-741BB3A88BA6}.Debug|Win32.Build.0 = Debug|Win32
		{8D0A3B77-AEB4-431B-8DCE-741BB3A88BA6}.Release|Win32.ActiveCfg = Release|Win32
		{8D0A3B77-AEB4-431B-8DCE-741BB3A88BA6}.Release|Win32.Build.0 = Release|Win32
		{D0392FCC-E200-4F99-B77A-94D16DE054A6}.Debug|Win32.ActiveCfg = Debug|Win32
		{D0392FCC-E200-4F99-B77A-94D16DE054A6}.Debug|Win32.Build.0 = Debug|Win32
		{D0392FCC-E200-4F99-B77A-94D16DE054A6}.Release|Win32.ActiveCfg = Release|Win32
		{D0392FCC-E200-4F99-B77A-94D16DE054A6}.Release|Win32.Build.0 = Release|Win32
		{CE70796B-CBFC-42D8-97D7-5B5879B71DE7}.Debug|Win32.ActiveCfg = Debug|Win32
		{CE70796B-CBFC-42D8-97D7-5B5879B71DE7}.Debug|Win32.Build.0 = Debug|Win32
		{CE70796B-CBFC-42D8-97D7-5B5879B71DE7}.Release|Win32.ActiveCfg = Release|Win32
		{CE70796B-CBFC-42D8-97D7-5B5879B71DE7}.Release|Win32.Build.0 = Release|Win32
	EndGlobalSection
	GlobalSection(SolutionProperties) = preSolution
		HideSolutionNode = FALSE
	EndGlobalSection
EndGlobal
